// !$*UTF8*$!
{
	archiveVersion = 1;
	classes = {
	};
	objectVersion = 51;
	objects = {

/* Begin PBXBuildFile section */
		B8249E3A2430E6D400345A16 /* ProfilePresenter.swift in Sources */ = {isa = PBXBuildFile; fileRef = B8B0A2AC242F372E00EC7C8E /* ProfilePresenter.swift */; };
		B8249E3B2430E71500345A16 /* Profile.swift in Sources */ = {isa = PBXBuildFile; fileRef = B8B0A2A5242F358F00EC7C8E /* Profile.swift */; };
		B8249E3C2430E80000345A16 /* ProfileProtocol.swift in Sources */ = {isa = PBXBuildFile; fileRef = B8B0A2AE242F48EA00EC7C8E /* ProfileProtocol.swift */; };
		B84117BD242DD0420030E246 /* AppDelegate.swift in Sources */ = {isa = PBXBuildFile; fileRef = B84117BC242DD0420030E246 /* AppDelegate.swift */; };
		B84117BF242DD0420030E246 /* SceneDelegate.swift in Sources */ = {isa = PBXBuildFile; fileRef = B84117BE242DD0420030E246 /* SceneDelegate.swift */; };
		B84117C4242DD0420030E246 /* Main.storyboard in Resources */ = {isa = PBXBuildFile; fileRef = B84117C2242DD0420030E246 /* Main.storyboard */; };
		B84117C6242DD0440030E246 /* Assets.xcassets in Resources */ = {isa = PBXBuildFile; fileRef = B84117C5242DD0440030E246 /* Assets.xcassets */; };
		B84117C9242DD0440030E246 /* LaunchScreen.storyboard in Resources */ = {isa = PBXBuildFile; fileRef = B84117C7242DD0440030E246 /* LaunchScreen.storyboard */; };
		B84117D1242DDBE40030E246 /* HeadlineViewController.swift in Sources */ = {isa = PBXBuildFile; fileRef = B84117D0242DDBE40030E246 /* HeadlineViewController.swift */; };
		B84117D3242DDC080030E246 /* NewsViewController.swift in Sources */ = {isa = PBXBuildFile; fileRef = B84117D2242DDC080030E246 /* NewsViewController.swift */; };
		B84117D5242DDC180030E246 /* ProfileViewController.swift in Sources */ = {isa = PBXBuildFile; fileRef = B84117D4242DDC180030E246 /* ProfileViewController.swift */; };
		B84117D7242DDDE90030E246 /* LHCustomTextField.swift in Sources */ = {isa = PBXBuildFile; fileRef = B84117D6242DDDE90030E246 /* LHCustomTextField.swift */; };
		B84117D9242DDE2F0030E246 /* Utils.swift in Sources */ = {isa = PBXBuildFile; fileRef = B84117D8242DDE2F0030E246 /* Utils.swift */; };
		B853C2A22430E92F003CB2DA /* ProfileError.swift in Sources */ = {isa = PBXBuildFile; fileRef = B8B0A2A7242F35EE00EC7C8E /* ProfileError.swift */; };
		B853C2A32430E957003CB2DA /* ProfileStorage.swift in Sources */ = {isa = PBXBuildFile; fileRef = B8B0A2A9242F368900EC7C8E /* ProfileStorage.swift */; };
		B853C2A52430EA0F003CB2DA /* ProfilePresenterTest.swift in Sources */ = {isa = PBXBuildFile; fileRef = B853C2A42430EA0F003CB2DA /* ProfilePresenterTest.swift */; };
		B868E0A7243045D9004D47BE /* HeadlineTableViewCell.swift in Sources */ = {isa = PBXBuildFile; fileRef = B868E0A6243045D9004D47BE /* HeadlineTableViewCell.swift */; };
		B868E0AD243048A7004D47BE /* HeadlineViewModel.swift in Sources */ = {isa = PBXBuildFile; fileRef = B868E0AC243048A7004D47BE /* HeadlineViewModel.swift */; };
		B868E0AF24304B5E004D47BE /* Headline.swift in Sources */ = {isa = PBXBuildFile; fileRef = B868E0AE24304B5E004D47BE /* Headline.swift */; };
		B868E0B124304EB9004D47BE /* NetworkConstant.swift in Sources */ = {isa = PBXBuildFile; fileRef = B868E0B024304EB9004D47BE /* NetworkConstant.swift */; };
		B868E0B524305752004D47BE /* HeadlineTableViewCell.xib in Resources */ = {isa = PBXBuildFile; fileRef = B868E0B424305752004D47BE /* HeadlineTableViewCell.xib */; };
		B868E0B72430605A004D47BE /* UIImageExtension.swift in Sources */ = {isa = PBXBuildFile; fileRef = B868E0B62430605A004D47BE /* UIImageExtension.swift */; };
		B868E0BC24307132004D47BE /* DetailViewController.swift in Sources */ = {isa = PBXBuildFile; fileRef = B868E0BB24307132004D47BE /* DetailViewController.swift */; };
		B868E0BE2430ABDC004D47BE /* DetailViewModel.swift in Sources */ = {isa = PBXBuildFile; fileRef = B868E0BD2430ABDC004D47BE /* DetailViewModel.swift */; };
		B868E0C12430B12F004D47BE /* UIViewControllerExtension.swift in Sources */ = {isa = PBXBuildFile; fileRef = B868E0C02430B12F004D47BE /* UIViewControllerExtension.swift */; };
		B8A971532430D2D000E66C98 /* NewsViewModel.swift in Sources */ = {isa = PBXBuildFile; fileRef = B8A971522430D2D000E66C98 /* NewsViewModel.swift */; };
		B8B0A2A6242F358F00EC7C8E /* Profile.swift in Sources */ = {isa = PBXBuildFile; fileRef = B8B0A2A5242F358F00EC7C8E /* Profile.swift */; };
		B8B0A2A8242F35EE00EC7C8E /* ProfileError.swift in Sources */ = {isa = PBXBuildFile; fileRef = B8B0A2A7242F35EE00EC7C8E /* ProfileError.swift */; };
		B8B0A2AA242F368900EC7C8E /* ProfileStorage.swift in Sources */ = {isa = PBXBuildFile; fileRef = B8B0A2A9242F368900EC7C8E /* ProfileStorage.swift */; };
		B8B0A2AD242F372E00EC7C8E /* ProfilePresenter.swift in Sources */ = {isa = PBXBuildFile; fileRef = B8B0A2AC242F372E00EC7C8E /* ProfilePresenter.swift */; };
		B8B0A2AF242F48EA00EC7C8E /* ProfileProtocol.swift in Sources */ = {isa = PBXBuildFile; fileRef = B8B0A2AE242F48EA00EC7C8E /* ProfileProtocol.swift */; };
		E9CC95771E83134B09C28631 /* Pods_news_api_test.framework in Frameworks */ = {isa = PBXBuildFile; fileRef = 759D8DB9000475FAC7B036E5 /* Pods_news_api_test.framework */; };
/* End PBXBuildFile section */

/* Begin PBXContainerItemProxy section */
		B8249E2E2430E3DE00345A16 /* PBXContainerItemProxy */ = {
			isa = PBXContainerItemProxy;
			containerPortal = B84117B1242DD0420030E246 /* Project object */;
			proxyType = 1;
			remoteGlobalIDString = B84117B8242DD0420030E246;
			remoteInfo = news_api_test;
		};
/* End PBXContainerItemProxy section */

/* Begin PBXFileReference section */
		759D8DB9000475FAC7B036E5 /* Pods_news_api_test.framework */ = {isa = PBXFileReference; explicitFileType = wrapper.framework; includeInIndex = 0; path = Pods_news_api_test.framework; sourceTree = BUILT_PRODUCTS_DIR; };
		A4972884E114583B3DDFB15A /* Pods-news_api_test.release.xcconfig */ = {isa = PBXFileReference; includeInIndex = 1; lastKnownFileType = text.xcconfig; name = "Pods-news_api_test.release.xcconfig"; path = "Target Support Files/Pods-news_api_test/Pods-news_api_test.release.xcconfig"; sourceTree = "<group>"; };
		B8249E292430E3DE00345A16 /* news_api_testTests.xctest */ = {isa = PBXFileReference; explicitFileType = wrapper.cfbundle; includeInIndex = 0; path = news_api_testTests.xctest; sourceTree = BUILT_PRODUCTS_DIR; };
		B8249E2D2430E3DE00345A16 /* Info.plist */ = {isa = PBXFileReference; lastKnownFileType = text.plist.xml; path = Info.plist; sourceTree = "<group>"; };
		B84117B9242DD0420030E246 /* news_api_test.app */ = {isa = PBXFileReference; explicitFileType = wrapper.application; includeInIndex = 0; path = news_api_test.app; sourceTree = BUILT_PRODUCTS_DIR; };
		B84117BC242DD0420030E246 /* AppDelegate.swift */ = {isa = PBXFileReference; lastKnownFileType = sourcecode.swift; path = AppDelegate.swift; sourceTree = "<group>"; };
		B84117BE242DD0420030E246 /* SceneDelegate.swift */ = {isa = PBXFileReference; lastKnownFileType = sourcecode.swift; path = SceneDelegate.swift; sourceTree = "<group>"; };
		B84117C3242DD0420030E246 /* Base */ = {isa = PBXFileReference; lastKnownFileType = file.storyboard; name = Base; path = Base.lproj/Main.storyboard; sourceTree = "<group>"; };
		B84117C5242DD0440030E246 /* Assets.xcassets */ = {isa = PBXFileReference; lastKnownFileType = folder.assetcatalog; path = Assets.xcassets; sourceTree = "<group>"; };
		B84117C8242DD0440030E246 /* Base */ = {isa = PBXFileReference; lastKnownFileType = file.storyboard; name = Base; path = Base.lproj/LaunchScreen.storyboard; sourceTree = "<group>"; };
		B84117CA242DD0440030E246 /* Info.plist */ = {isa = PBXFileReference; lastKnownFileType = text.plist.xml; path = Info.plist; sourceTree = "<group>"; };
		B84117D0242DDBE40030E246 /* HeadlineViewController.swift */ = {isa = PBXFileReference; lastKnownFileType = sourcecode.swift; path = HeadlineViewController.swift; sourceTree = "<group>"; };
		B84117D2242DDC080030E246 /* NewsViewController.swift */ = {isa = PBXFileReference; lastKnownFileType = sourcecode.swift; path = NewsViewController.swift; sourceTree = "<group>"; };
		B84117D4242DDC180030E246 /* ProfileViewController.swift */ = {isa = PBXFileReference; lastKnownFileType = sourcecode.swift; path = ProfileViewController.swift; sourceTree = "<group>"; };
		B84117D6242DDDE90030E246 /* LHCustomTextField.swift */ = {isa = PBXFileReference; lastKnownFileType = sourcecode.swift; path = LHCustomTextField.swift; sourceTree = "<group>"; };
		B84117D8242DDE2F0030E246 /* Utils.swift */ = {isa = PBXFileReference; lastKnownFileType = sourcecode.swift; path = Utils.swift; sourceTree = "<group>"; };
		B853C2A42430EA0F003CB2DA /* ProfilePresenterTest.swift */ = {isa = PBXFileReference; lastKnownFileType = sourcecode.swift; path = ProfilePresenterTest.swift; sourceTree = "<group>"; };
		B868E0A6243045D9004D47BE /* HeadlineTableViewCell.swift */ = {isa = PBXFileReference; lastKnownFileType = sourcecode.swift; path = HeadlineTableViewCell.swift; sourceTree = "<group>"; };
		B868E0AC243048A7004D47BE /* HeadlineViewModel.swift */ = {isa = PBXFileReference; lastKnownFileType = sourcecode.swift; path = HeadlineViewModel.swift; sourceTree = "<group>"; };
		B868E0AE24304B5E004D47BE /* Headline.swift */ = {isa = PBXFileReference; lastKnownFileType = sourcecode.swift; path = Headline.swift; sourceTree = "<group>"; };
		B868E0B024304EB9004D47BE /* NetworkConstant.swift */ = {isa = PBXFileReference; lastKnownFileType = sourcecode.swift; path = NetworkConstant.swift; sourceTree = "<group>"; };
		B868E0B424305752004D47BE /* HeadlineTableViewCell.xib */ = {isa = PBXFileReference; lastKnownFileType = file.xib; path = HeadlineTableViewCell.xib; sourceTree = "<group>"; };
		B868E0B62430605A004D47BE /* UIImageExtension.swift */ = {isa = PBXFileReference; lastKnownFileType = sourcecode.swift; path = UIImageExtension.swift; sourceTree = "<group>"; };
		B868E0BB24307132004D47BE /* DetailViewController.swift */ = {isa = PBXFileReference; lastKnownFileType = sourcecode.swift; path = DetailViewController.swift; sourceTree = "<group>"; };
		B868E0BD2430ABDC004D47BE /* DetailViewModel.swift */ = {isa = PBXFileReference; lastKnownFileType = sourcecode.swift; path = DetailViewModel.swift; sourceTree = "<group>"; };
		B868E0C02430B12F004D47BE /* UIViewControllerExtension.swift */ = {isa = PBXFileReference; lastKnownFileType = sourcecode.swift; path = UIViewControllerExtension.swift; sourceTree = "<group>"; };
		B8A971522430D2D000E66C98 /* NewsViewModel.swift */ = {isa = PBXFileReference; lastKnownFileType = sourcecode.swift; path = NewsViewModel.swift; sourceTree = "<group>"; };
		B8B0A2A5242F358F00EC7C8E /* Profile.swift */ = {isa = PBXFileReference; lastKnownFileType = sourcecode.swift; path = Profile.swift; sourceTree = "<group>"; };
		B8B0A2A7242F35EE00EC7C8E /* ProfileError.swift */ = {isa = PBXFileReference; lastKnownFileType = sourcecode.swift; path = ProfileError.swift; sourceTree = "<group>"; };
		B8B0A2A9242F368900EC7C8E /* ProfileStorage.swift */ = {isa = PBXFileReference; lastKnownFileType = sourcecode.swift; path = ProfileStorage.swift; sourceTree = "<group>"; };
		B8B0A2AC242F372E00EC7C8E /* ProfilePresenter.swift */ = {isa = PBXFileReference; lastKnownFileType = sourcecode.swift; path = ProfilePresenter.swift; sourceTree = "<group>"; };
		B8B0A2AE242F48EA00EC7C8E /* ProfileProtocol.swift */ = {isa = PBXFileReference; lastKnownFileType = sourcecode.swift; path = ProfileProtocol.swift; sourceTree = "<group>"; };
		C3D14D41AEF17ECB7F9A9CD6 /* Pods-news_api_test.debug.xcconfig */ = {isa = PBXFileReference; includeInIndex = 1; lastKnownFileType = text.xcconfig; name = "Pods-news_api_test.debug.xcconfig"; path = "Target Support Files/Pods-news_api_test/Pods-news_api_test.debug.xcconfig"; sourceTree = "<group>"; };
/* End PBXFileReference section */

/* Begin PBXFrameworksBuildPhase section */
		B8249E262430E3DE00345A16 /* Frameworks */ = {
			isa = PBXFrameworksBuildPhase;
			buildActionMask = 2147483647;
			files = (
			);
			runOnlyForDeploymentPostprocessing = 0;
		};
		B84117B6242DD0420030E246 /* Frameworks */ = {
			isa = PBXFrameworksBuildPhase;
			buildActionMask = 2147483647;
			files = (
				E9CC95771E83134B09C28631 /* Pods_news_api_test.framework in Frameworks */,
			);
			runOnlyForDeploymentPostprocessing = 0;
		};
/* End PBXFrameworksBuildPhase section */

/* Begin PBXGroup section */
		A29C80520B8D7C4E90580F1E /* Pods */ = {
			isa = PBXGroup;
			children = (
				C3D14D41AEF17ECB7F9A9CD6 /* Pods-news_api_test.debug.xcconfig */,
				A4972884E114583B3DDFB15A /* Pods-news_api_test.release.xcconfig */,
			);
			path = Pods;
			sourceTree = "<group>";
		};
		B8249E182430DE5500345A16 /* View */ = {
			isa = PBXGroup;
			children = (
				B84117D2242DDC080030E246 /* NewsViewController.swift */,
			);
			name = View;
			sourceTree = "<group>";
		};
		B8249E1C2430DE9100345A16 /* ViewModel */ = {
			isa = PBXGroup;
			children = (
				B8A971522430D2D000E66C98 /* NewsViewModel.swift */,
			);
			name = ViewModel;
			sourceTree = "<group>";
		};
		B8249E212430E11000345A16 /* Views */ = {
			isa = PBXGroup;
			children = (
				B853C2A62430ED09003CB2DA /* HeadlineCell */,
				B84117C2242DD0420030E246 /* Main.storyboard */,
				B84117C7242DD0440030E246 /* LaunchScreen.storyboard */,
			);
			name = Views;
			path = "New Group";
			sourceTree = "<group>";
		};
		B8249E2A2430E3DE00345A16 /* news_api_testTests */ = {
			isa = PBXGroup;
			children = (
				B8249E2D2430E3DE00345A16 /* Info.plist */,
				B853C2A42430EA0F003CB2DA /* ProfilePresenterTest.swift */,
			);
			path = news_api_testTests;
			sourceTree = "<group>";
		};
		B8249E362430E48C00345A16 /* DetailMVVM */ = {
			isa = PBXGroup;
			children = (
				B868E0CA2430B6FC004D47BE /* View */,
				B868E0C92430B6D1004D47BE /* ViewModel */,
			);
			name = DetailMVVM;
			sourceTree = "<group>";
		};
		B84117B0242DD0420030E246 = {
			isa = PBXGroup;
			children = (
				B84117BB242DD0420030E246 /* news_api_test */,
				B8249E2A2430E3DE00345A16 /* news_api_testTests */,
				B84117BA242DD0420030E246 /* Products */,
				A29C80520B8D7C4E90580F1E /* Pods */,
				D7ACF19BFA766B9B31A5151A /* Frameworks */,
			);
			sourceTree = "<group>";
		};
		B84117BA242DD0420030E246 /* Products */ = {
			isa = PBXGroup;
			children = (
				B84117B9242DD0420030E246 /* news_api_test.app */,
				B8249E292430E3DE00345A16 /* news_api_testTests.xctest */,
			);
			name = Products;
			sourceTree = "<group>";
		};
		B84117BB242DD0420030E246 /* news_api_test */ = {
			isa = PBXGroup;
			children = (
				B868E0C72430B57E004D47BE /* Application */,
				B8E4DE8C2430B84200640D0E /* HeadlineMVVM */,
				B8249E362430E48C00345A16 /* DetailMVVM */,
				B8B0A2AB242F369100EC7C8E /* ProfileMVP */,
				B8A971552430D72400E66C98 /* NewsMVVM */,
				B8E4DE8A2430B7D400640D0E /* HeadlineCell */,
				B8249E212430E11000345A16 /* Views */,
				B868E0C22430B3F0004D47BE /* Helper */,
				B868E0C62430B559004D47BE /* Assets */,
			);
			path = news_api_test;
			sourceTree = "<group>";
		};
		B853C2A62430ED09003CB2DA /* HeadlineCell */ = {
			isa = PBXGroup;
			children = (
				B868E0B424305752004D47BE /* HeadlineTableViewCell.xib */,
				B868E0A6243045D9004D47BE /* HeadlineTableViewCell.swift */,
			);
			name = HeadlineCell;
			sourceTree = "<group>";
		};
		B868E0A82430478F004D47BE /* Model */ = {
			isa = PBXGroup;
			children = (
				B8B0A2A5242F358F00EC7C8E /* Profile.swift */,
				B8B0A2A7242F35EE00EC7C8E /* ProfileError.swift */,
			);
			path = Model;
			sourceTree = "<group>";
		};
		B868E0A9243047A8004D47BE /* View */ = {
			isa = PBXGroup;
			children = (
				B84117D4242DDC180030E246 /* ProfileViewController.swift */,
			);
			path = View;
			sourceTree = "<group>";
		};
		B868E0AA243047BD004D47BE /* Presenter */ = {
			isa = PBXGroup;
			children = (
				B8B0A2AC242F372E00EC7C8E /* ProfilePresenter.swift */,
				B8B0A2AE242F48EA00EC7C8E /* ProfileProtocol.swift */,
			);
			path = Presenter;
			sourceTree = "<group>";
		};
		B868E0C22430B3F0004D47BE /* Helper */ = {
			isa = PBXGroup;
			children = (
				B868E0B024304EB9004D47BE /* NetworkConstant.swift */,
				B84117D8242DDE2F0030E246 /* Utils.swift */,
				B84117D6242DDDE90030E246 /* LHCustomTextField.swift */,
				B868E0B62430605A004D47BE /* UIImageExtension.swift */,
				B868E0C02430B12F004D47BE /* UIViewControllerExtension.swift */,
			);
			path = Helper;
			sourceTree = "<group>";
		};
		B868E0C62430B559004D47BE /* Assets */ = {
			isa = PBXGroup;
			children = (
				B84117C5242DD0440030E246 /* Assets.xcassets */,
				B84117CA242DD0440030E246 /* Info.plist */,
			);
			name = Assets;
			sourceTree = "<group>";
		};
		B868E0C72430B57E004D47BE /* Application */ = {
			isa = PBXGroup;
			children = (
				B84117BC242DD0420030E246 /* AppDelegate.swift */,
				B84117BE242DD0420030E246 /* SceneDelegate.swift */,
			);
			name = Application;
			sourceTree = "<group>";
		};
		B868E0C92430B6D1004D47BE /* ViewModel */ = {
			isa = PBXGroup;
			children = (
				B868E0BD2430ABDC004D47BE /* DetailViewModel.swift */,
			);
			name = ViewModel;
			path = DetailMVVM;
			sourceTree = "<group>";
		};
		B868E0CA2430B6FC004D47BE /* View */ = {
			isa = PBXGroup;
			children = (
				B868E0BB24307132004D47BE /* DetailViewController.swift */,
			);
			name = View;
			path = DetailMVVM;
			sourceTree = "<group>";
		};
		B868E0CB2430B70D004D47BE /* View */ = {
			isa = PBXGroup;
			children = (
				B84117D0242DDBE40030E246 /* HeadlineViewController.swift */,
			);
			name = View;
			sourceTree = "<group>";
		};
		B868E0CD2430B728004D47BE /* ViewModel */ = {
			isa = PBXGroup;
			children = (
				B868E0AC243048A7004D47BE /* HeadlineViewModel.swift */,
			);
			name = ViewModel;
			sourceTree = "<group>";
		};
		B8A971552430D72400E66C98 /* NewsMVVM */ = {
			isa = PBXGroup;
			children = (
				B8249E182430DE5500345A16 /* View */,
				B8249E1C2430DE9100345A16 /* ViewModel */,
			);
			path = NewsMVVM;
			sourceTree = "<group>";
		};
		B8B0A2AB242F369100EC7C8E /* ProfileMVP */ = {
			isa = PBXGroup;
			children = (
				B868E0A9243047A8004D47BE /* View */,
				B868E0AA243047BD004D47BE /* Presenter */,
				B868E0A82430478F004D47BE /* Model */,
				B8B0A2A9242F368900EC7C8E /* ProfileStorage.swift */,
			);
			path = ProfileMVP;
			sourceTree = "<group>";
		};
		B8E4DE8A2430B7D400640D0E /* HeadlineCell */ = {
			isa = PBXGroup;
			children = (
			);
			name = HeadlineCell;
			path = HeadlineMVVM;
			sourceTree = "<group>";
		};
		B8E4DE8C2430B84200640D0E /* HeadlineMVVM */ = {
			isa = PBXGroup;
			children = (
				B868E0CB2430B70D004D47BE /* View */,
				B868E0CD2430B728004D47BE /* ViewModel */,
				B8E4DE8D2430CBF700640D0E /* Model */,
			);
			path = HeadlineMVVM;
			sourceTree = "<group>";
		};
		B8E4DE8D2430CBF700640D0E /* Model */ = {
			isa = PBXGroup;
			children = (
				B868E0AE24304B5E004D47BE /* Headline.swift */,
			);
			name = Model;
			sourceTree = "<group>";
		};
		D7ACF19BFA766B9B31A5151A /* Frameworks */ = {
			isa = PBXGroup;
			children = (
				759D8DB9000475FAC7B036E5 /* Pods_news_api_test.framework */,
			);
			name = Frameworks;
			sourceTree = "<group>";
		};
/* End PBXGroup section */

/* Begin PBXNativeTarget section */
		B8249E282430E3DE00345A16 /* news_api_testTests */ = {
			isa = PBXNativeTarget;
			buildConfigurationList = B8249E302430E3DE00345A16 /* Build configuration list for PBXNativeTarget "news_api_testTests" */;
			buildPhases = (
				B8249E252430E3DE00345A16 /* Sources */,
				B8249E262430E3DE00345A16 /* Frameworks */,
				B8249E272430E3DE00345A16 /* Resources */,
			);
			buildRules = (
			);
			dependencies = (
				B8249E2F2430E3DE00345A16 /* PBXTargetDependency */,
			);
			name = news_api_testTests;
			productName = news_api_testTests;
			productReference = B8249E292430E3DE00345A16 /* news_api_testTests.xctest */;
			productType = "com.apple.product-type.bundle.unit-test";
		};
		B84117B8242DD0420030E246 /* news_api_test */ = {
			isa = PBXNativeTarget;
			buildConfigurationList = B84117CD242DD0440030E246 /* Build configuration list for PBXNativeTarget "news_api_test" */;
			buildPhases = (
				D801AC7699FAD09FA93D974D /* [CP] Check Pods Manifest.lock */,
				B84117B5242DD0420030E246 /* Sources */,
				B84117B6242DD0420030E246 /* Frameworks */,
				B84117B7242DD0420030E246 /* Resources */,
				8BAA77A948CE643D2696ACFD /* [CP] Embed Pods Frameworks */,
			);
			buildRules = (
			);
			dependencies = (
			);
			name = news_api_test;
			productName = news_api_test;
			productReference = B84117B9242DD0420030E246 /* news_api_test.app */;
			productType = "com.apple.product-type.application";
		};
/* End PBXNativeTarget section */

/* Begin PBXProject section */
		B84117B1242DD0420030E246 /* Project object */ = {
			isa = PBXProject;
			attributes = {
				LastSwiftUpdateCheck = 1130;
				LastUpgradeCheck = 1130;
				ORGANIZATIONNAME = lam.pte;
				TargetAttributes = {
					B8249E282430E3DE00345A16 = {
						CreatedOnToolsVersion = 11.3.1;
						TestTargetID = B84117B8242DD0420030E246;
					};
					B84117B8242DD0420030E246 = {
						CreatedOnToolsVersion = 11.3.1;
					};
				};
			};
			buildConfigurationList = B84117B4242DD0420030E246 /* Build configuration list for PBXProject "news_api_test" */;
			compatibilityVersion = "Xcode 9.3";
			developmentRegion = en;
			hasScannedForEncodings = 0;
			knownRegions = (
				en,
				Base,
			);
			mainGroup = B84117B0242DD0420030E246;
			productRefGroup = B84117BA242DD0420030E246 /* Products */;
			projectDirPath = "";
			projectRoot = "";
			targets = (
				B84117B8242DD0420030E246 /* news_api_test */,
				B8249E282430E3DE00345A16 /* news_api_testTests */,
			);
		};
/* End PBXProject section */

/* Begin PBXResourcesBuildPhase section */
		B8249E272430E3DE00345A16 /* Resources */ = {
			isa = PBXResourcesBuildPhase;
			buildActionMask = 2147483647;
			files = (
			);
			runOnlyForDeploymentPostprocessing = 0;
		};
		B84117B7242DD0420030E246 /* Resources */ = {
			isa = PBXResourcesBuildPhase;
			buildActionMask = 2147483647;
			files = (
				B84117C9242DD0440030E246 /* LaunchScreen.storyboard in Resources */,
				B84117C6242DD0440030E246 /* Assets.xcassets in Resources */,
				B84117C4242DD0420030E246 /* Main.storyboard in Resources */,
				B868E0B524305752004D47BE /* HeadlineTableViewCell.xib in Resources */,
			);
			runOnlyForDeploymentPostprocessing = 0;
		};
/* End PBXResourcesBuildPhase section */

/* Begin PBXShellScriptBuildPhase section */
		8BAA77A948CE643D2696ACFD /* [CP] Embed Pods Frameworks */ = {
			isa = PBXShellScriptBuildPhase;
			buildActionMask = 2147483647;
			files = (
			);
			inputFileListPaths = (
				"${PODS_ROOT}/Target Support Files/Pods-news_api_test/Pods-news_api_test-frameworks-${CONFIGURATION}-input-files.xcfilelist",
			);
			name = "[CP] Embed Pods Frameworks";
			outputFileListPaths = (
				"${PODS_ROOT}/Target Support Files/Pods-news_api_test/Pods-news_api_test-frameworks-${CONFIGURATION}-output-files.xcfilelist",
			);
			runOnlyForDeploymentPostprocessing = 0;
			shellPath = /bin/sh;
			shellScript = "\"${PODS_ROOT}/Target Support Files/Pods-news_api_test/Pods-news_api_test-frameworks.sh\"\n";
			showEnvVarsInLog = 0;
		};
		D801AC7699FAD09FA93D974D /* [CP] Check Pods Manifest.lock */ = {
			isa = PBXShellScriptBuildPhase;
			buildActionMask = 2147483647;
			files = (
			);
			inputFileListPaths = (
			);
			inputPaths = (
				"${PODS_PODFILE_DIR_PATH}/Podfile.lock",
				"${PODS_ROOT}/Manifest.lock",
			);
			name = "[CP] Check Pods Manifest.lock";
			outputFileListPaths = (
			);
			outputPaths = (
				"$(DERIVED_FILE_DIR)/Pods-news_api_test-checkManifestLockResult.txt",
			);
			runOnlyForDeploymentPostprocessing = 0;
			shellPath = /bin/sh;
			shellScript = "diff \"${PODS_PODFILE_DIR_PATH}/Podfile.lock\" \"${PODS_ROOT}/Manifest.lock\" > /dev/null\nif [ $? != 0 ] ; then\n    # print error to STDERR\n    echo \"error: The sandbox is not in sync with the Podfile.lock. Run 'pod install' or update your CocoaPods installation.\" >&2\n    exit 1\nfi\n# This output is used by Xcode 'outputs' to avoid re-running this script phase.\necho \"SUCCESS\" > \"${SCRIPT_OUTPUT_FILE_0}\"\n";
			showEnvVarsInLog = 0;
		};
/* End PBXShellScriptBuildPhase section */

/* Begin PBXSourcesBuildPhase section */
		B8249E252430E3DE00345A16 /* Sources */ = {
			isa = PBXSourcesBuildPhase;
			buildActionMask = 2147483647;
			files = (
				B853C2A22430E92F003CB2DA /* ProfileError.swift in Sources */,
				B8249E3B2430E71500345A16 /* Profile.swift in Sources */,
				B853C2A32430E957003CB2DA /* ProfileStorage.swift in Sources */,
				B8249E3A2430E6D400345A16 /* ProfilePresenter.swift in Sources */,
				B853C2A52430EA0F003CB2DA /* ProfilePresenterTest.swift in Sources */,
				B8249E3C2430E80000345A16 /* ProfileProtocol.swift in Sources */,
			);
			runOnlyForDeploymentPostprocessing = 0;
		};
		B84117B5242DD0420030E246 /* Sources */ = {
			isa = PBXSourcesBuildPhase;
			buildActionMask = 2147483647;
			files = (
				B84117D5242DDC180030E246 /* ProfileViewController.swift in Sources */,
				B868E0AD243048A7004D47BE /* HeadlineViewModel.swift in Sources */,
				B868E0A7243045D9004D47BE /* HeadlineTableViewCell.swift in Sources */,
				B868E0BE2430ABDC004D47BE /* DetailViewModel.swift in Sources */,
				B8A971532430D2D000E66C98 /* NewsViewModel.swift in Sources */,
				B868E0AF24304B5E004D47BE /* Headline.swift in Sources */,
				B868E0C12430B12F004D47BE /* UIViewControllerExtension.swift in Sources */,
				B8B0A2AA242F368900EC7C8E /* ProfileStorage.swift in Sources */,
				B868E0B72430605A004D47BE /* UIImageExtension.swift in Sources */,
				B8B0A2AD242F372E00EC7C8E /* ProfilePresenter.swift in Sources */,
				B84117D7242DDDE90030E246 /* LHCustomTextField.swift in Sources */,
				B84117D1242DDBE40030E246 /* HeadlineViewController.swift in Sources */,
				B868E0BC24307132004D47BE /* DetailViewController.swift in Sources */,
				B868E0B124304EB9004D47BE /* NetworkConstant.swift in Sources */,
				B84117BD242DD0420030E246 /* AppDelegate.swift in Sources */,
				B84117D3242DDC080030E246 /* NewsViewController.swift in Sources */,
				B8B0A2A8242F35EE00EC7C8E /* ProfileError.swift in Sources */,
				B84117BF242DD0420030E246 /* SceneDelegate.swift in Sources */,
				B8B0A2A6242F358F00EC7C8E /* Profile.swift in Sources */,
				B84117D9242DDE2F0030E246 /* Utils.swift in Sources */,
				B8B0A2AF242F48EA00EC7C8E /* ProfileProtocol.swift in Sources */,
			);
			runOnlyForDeploymentPostprocessing = 0;
		};
/* End PBXSourcesBuildPhase section */

/* Begin PBXTargetDependency section */
		B8249E2F2430E3DE00345A16 /* PBXTargetDependency */ = {
			isa = PBXTargetDependency;
			target = B84117B8242DD0420030E246 /* news_api_test */;
			targetProxy = B8249E2E2430E3DE00345A16 /* PBXContainerItemProxy */;
		};
/* End PBXTargetDependency section */

/* Begin PBXVariantGroup section */
		B84117C2242DD0420030E246 /* Main.storyboard */ = {
			isa = PBXVariantGroup;
			children = (
				B84117C3242DD0420030E246 /* Base */,
			);
			name = Main.storyboard;
			sourceTree = "<group>";
		};
		B84117C7242DD0440030E246 /* LaunchScreen.storyboard */ = {
			isa = PBXVariantGroup;
			children = (
				B84117C8242DD0440030E246 /* Base */,
			);
			name = LaunchScreen.storyboard;
			sourceTree = "<group>";
		};
/* End PBXVariantGroup section */

/* Begin XCBuildConfiguration section */
		B8249E312430E3DE00345A16 /* Debug */ = {
			isa = XCBuildConfiguration;
			buildSettings = {
				BUNDLE_LOADER = "$(TEST_HOST)";
				CODE_SIGN_STYLE = Automatic;
				DEVELOPMENT_TEAM = JHEG9RUWXA;
				INFOPLIST_FILE = news_api_testTests/Info.plist;
				LD_RUNPATH_SEARCH_PATHS = (
					"$(inherited)",
					"@executable_path/Frameworks",
					"@loader_path/Frameworks",
				);
				PRODUCT_BUNDLE_IDENTIFIER = "lam.pte.news-api-testTests";
				PRODUCT_NAME = "$(TARGET_NAME)";
				SWIFT_VERSION = 5.0;
				TARGETED_DEVICE_FAMILY = "1,2";
				TEST_HOST = "$(BUILT_PRODUCTS_DIR)/news_api_test.app/news_api_test";
			};
			name = Debug;
		};
		B8249E322430E3DE00345A16 /* Release */ = {
			isa = XCBuildConfiguration;
			buildSettings = {
				BUNDLE_LOADER = "$(TEST_HOST)";
				CODE_SIGN_STYLE = Automatic;
				DEVELOPMENT_TEAM = JHEG9RUWXA;
				INFOPLIST_FILE = news_api_testTests/Info.plist;
				LD_RUNPATH_SEARCH_PATHS = (
					"$(inherited)",
					"@executable_path/Frameworks",
					"@loader_path/Frameworks",
				);
				PRODUCT_BUNDLE_IDENTIFIER = "lam.pte.news-api-testTests";
				PRODUCT_NAME = "$(TARGET_NAME)";
				SWIFT_VERSION = 5.0;
				TARGETED_DEVICE_FAMILY = "1,2";
				TEST_HOST = "$(BUILT_PRODUCTS_DIR)/news_api_test.app/news_api_test";
			};
			name = Release;
		};
		B84117CB242DD0440030E246 /* Debug */ = {
			isa = XCBuildConfiguration;
			buildSettings = {
				ALWAYS_SEARCH_USER_PATHS = NO;
				CLANG_ANALYZER_NONNULL = YES;
				CLANG_ANALYZER_NUMBER_OBJECT_CONVERSION = YES_AGGRESSIVE;
				CLANG_CXX_LANGUAGE_STANDARD = "gnu++14";
				CLANG_CXX_LIBRARY = "libc++";
				CLANG_ENABLE_MODULES = YES;
				CLANG_ENABLE_OBJC_ARC = YES;
				CLANG_ENABLE_OBJC_WEAK = YES;
				CLANG_WARN_BLOCK_CAPTURE_AUTORELEASING = YES;
				CLANG_WARN_BOOL_CONVERSION = YES;
				CLANG_WARN_COMMA = YES;
				CLANG_WARN_CONSTANT_CONVERSION = YES;
				CLANG_WARN_DEPRECATED_OBJC_IMPLEMENTATIONS = YES;
				CLANG_WARN_DIRECT_OBJC_ISA_USAGE = YES_ERROR;
				CLANG_WARN_DOCUMENTATION_COMMENTS = YES;
				CLANG_WARN_EMPTY_BODY = YES;
				CLANG_WARN_ENUM_CONVERSION = YES;
				CLANG_WARN_INFINITE_RECURSION = YES;
				CLANG_WARN_INT_CONVERSION = YES;
				CLANG_WARN_NON_LITERAL_NULL_CONVERSION = YES;
				CLANG_WARN_OBJC_IMPLICIT_RETAIN_SELF = YES;
				CLANG_WARN_OBJC_LITERAL_CONVERSION = YES;
				CLANG_WARN_OBJC_ROOT_CLASS = YES_ERROR;
				CLANG_WARN_RANGE_LOOP_ANALYSIS = YES;
				CLANG_WARN_STRICT_PROTOTYPES = YES;
				CLANG_WARN_SUSPICIOUS_MOVE = YES;
				CLANG_WARN_UNGUARDED_AVAILABILITY = YES_AGGRESSIVE;
				CLANG_WARN_UNREACHABLE_CODE = YES;
				CLANG_WARN__DUPLICATE_METHOD_MATCH = YES;
				COPY_PHASE_STRIP = NO;
				DEBUG_INFORMATION_FORMAT = dwarf;
				ENABLE_STRICT_OBJC_MSGSEND = YES;
				ENABLE_TESTABILITY = YES;
				GCC_C_LANGUAGE_STANDARD = gnu11;
				GCC_DYNAMIC_NO_PIC = NO;
				GCC_NO_COMMON_BLOCKS = YES;
				GCC_OPTIMIZATION_LEVEL = 0;
				GCC_PREPROCESSOR_DEFINITIONS = (
					"DEBUG=1",
					"$(inherited)",
				);
				GCC_WARN_64_TO_32_BIT_CONVERSION = YES;
				GCC_WARN_ABOUT_RETURN_TYPE = YES_ERROR;
				GCC_WARN_UNDECLARED_SELECTOR = YES;
				GCC_WARN_UNINITIALIZED_AUTOS = YES_AGGRESSIVE;
				GCC_WARN_UNUSED_FUNCTION = YES;
				GCC_WARN_UNUSED_VARIABLE = YES;
				IPHONEOS_DEPLOYMENT_TARGET = 13.2;
				MTL_ENABLE_DEBUG_INFO = INCLUDE_SOURCE;
				MTL_FAST_MATH = YES;
				ONLY_ACTIVE_ARCH = YES;
				SDKROOT = iphoneos;
				SWIFT_ACTIVE_COMPILATION_CONDITIONS = DEBUG;
				SWIFT_OPTIMIZATION_LEVEL = "-Onone";
			};
			name = Debug;
		};
		B84117CC242DD0440030E246 /* Release */ = {
			isa = XCBuildConfiguration;
			buildSettings = {
				ALWAYS_SEARCH_USER_PATHS = NO;
				CLANG_ANALYZER_NONNULL = YES;
				CLANG_ANALYZER_NUMBER_OBJECT_CONVERSION = YES_AGGRESSIVE;
				CLANG_CXX_LANGUAGE_STANDARD = "gnu++14";
				CLANG_CXX_LIBRARY = "libc++";
				CLANG_ENABLE_MODULES = YES;
				CLANG_ENABLE_OBJC_ARC = YES;
				CLANG_ENABLE_OBJC_WEAK = YES;
				CLANG_WARN_BLOCK_CAPTURE_AUTORELEASING = YES;
				CLANG_WARN_BOOL_CONVERSION = YES;
				CLANG_WARN_COMMA = YES;
				CLANG_WARN_CONSTANT_CONVERSION = YES;
				CLANG_WARN_DEPRECATED_OBJC_IMPLEMENTATIONS = YES;
				CLANG_WARN_DIRECT_OBJC_ISA_USAGE = YES_ERROR;
				CLANG_WARN_DOCUMENTATION_COMMENTS = YES;
				CLANG_WARN_EMPTY_BODY = YES;
				CLANG_WARN_ENUM_CONVERSION = YES;
				CLANG_WARN_INFINITE_RECURSION = YES;
				CLANG_WARN_INT_CONVERSION = YES;
				CLANG_WARN_NON_LITERAL_NULL_CONVERSION = YES;
				CLANG_WARN_OBJC_IMPLICIT_RETAIN_SELF = YES;
				CLANG_WARN_OBJC_LITERAL_CONVERSION = YES;
				CLANG_WARN_OBJC_ROOT_CLASS = YES_ERROR;
				CLANG_WARN_RANGE_LOOP_ANALYSIS = YES;
				CLANG_WARN_STRICT_PROTOTYPES = YES;
				CLANG_WARN_SUSPICIOUS_MOVE = YES;
				CLANG_WARN_UNGUARDED_AVAILABILITY = YES_AGGRESSIVE;
				CLANG_WARN_UNREACHABLE_CODE = YES;
				CLANG_WARN__DUPLICATE_METHOD_MATCH = YES;
				COPY_PHASE_STRIP = NO;
				DEBUG_INFORMATION_FORMAT = "dwarf-with-dsym";
				ENABLE_NS_ASSERTIONS = NO;
				ENABLE_STRICT_OBJC_MSGSEND = YES;
				GCC_C_LANGUAGE_STANDARD = gnu11;
				GCC_NO_COMMON_BLOCKS = YES;
				GCC_WARN_64_TO_32_BIT_CONVERSION = YES;
				GCC_WARN_ABOUT_RETURN_TYPE = YES_ERROR;
				GCC_WARN_UNDECLARED_SELECTOR = YES;
				GCC_WARN_UNINITIALIZED_AUTOS = YES_AGGRESSIVE;
				GCC_WARN_UNUSED_FUNCTION = YES;
				GCC_WARN_UNUSED_VARIABLE = YES;
				IPHONEOS_DEPLOYMENT_TARGET = 13.2;
				MTL_ENABLE_DEBUG_INFO = NO;
				MTL_FAST_MATH = YES;
				SDKROOT = iphoneos;
				SWIFT_COMPILATION_MODE = wholemodule;
				SWIFT_OPTIMIZATION_LEVEL = "-O";
				VALIDATE_PRODUCT = YES;
			};
			name = Release;
		};
		B84117CE242DD0440030E246 /* Debug */ = {
			isa = XCBuildConfiguration;
			baseConfigurationReference = C3D14D41AEF17ECB7F9A9CD6 /* Pods-news_api_test.debug.xcconfig */;
			buildSettings = {
				ASSETCATALOG_COMPILER_APPICON_NAME = AppIcon;
				CODE_SIGN_STYLE = Automatic;
				DEVELOPMENT_TEAM = JHEG9RUWXA;
				INFOPLIST_FILE = news_api_test/Info.plist;
				LD_RUNPATH_SEARCH_PATHS = (
					"$(inherited)",
					"@executable_path/Frameworks",
				);
				PRODUCT_BUNDLE_IDENTIFIER = "lam.pte.news-api-test";
				PRODUCT_NAME = "$(TARGET_NAME)";
				SWIFT_VERSION = 5.0;
				TARGETED_DEVICE_FAMILY = "1,2";
			};
			name = Debug;
		};
		B84117CF242DD0440030E246 /* Release */ = {
			isa = XCBuildConfiguration;
			baseConfigurationReference = A4972884E114583B3DDFB15A /* Pods-news_api_test.release.xcconfig */;
			buildSettings = {
				ASSETCATALOG_COMPILER_APPICON_NAME = AppIcon;
				CODE_SIGN_STYLE = Automatic;
				DEVELOPMENT_TEAM = JHEG9RUWXA;
				INFOPLIST_FILE = news_api_test/Info.plist;
				LD_RUNPATH_SEARCH_PATHS = (
					"$(inherited)",
					"@executable_path/Frameworks",
				);
				PRODUCT_BUNDLE_IDENTIFIER = "lam.pte.news-api-test";
				PRODUCT_NAME = "$(TARGET_NAME)";
				SWIFT_VERSION = 5.0;
				TARGETED_DEVICE_FAMILY = "1,2";
			};
			name = Release;
		};
/* End XCBuildConfiguration section */

/* Begin XCConfigurationList section */
		B8249E302430E3DE00345A16 /* Build configuration list for PBXNativeTarget "news_api_testTests" */ = {
			isa = XCConfigurationList;
			buildConfigurations = (
				B8249E312430E3DE00345A16 /* Debug */,
				B8249E322430E3DE00345A16 /* Release */,
			);
			defaultConfigurationIsVisible = 0;
			defaultConfigurationName = Release;
		};
		B84117B4242DD0420030E246 /* Build configuration list for PBXProject "news_api_test" */ = {
			isa = XCConfigurationList;
			buildConfigurations = (
				B84117CB242DD0440030E246 /* Debug */,
				B84117CC242DD0440030E246 /* Release */,
			);
			defaultConfigurationIsVisible = 0;
			defaultConfigurationName = Release;
		};
		B84117CD242DD0440030E246 /* Build configuration list for PBXNativeTarget "news_api_test" */ = {
			isa = XCConfigurationList;
			buildConfigurations = (
				B84117CE242DD0440030E246 /* Debug */,
				B84117CF242DD0440030E246 /* Release */,
			);
			defaultConfigurationIsVisible = 0;
			defaultConfigurationName = Release;
		};
/* End XCConfigurationList section */
	};
	rootObject = B84117B1242DD0420030E246 /* Project object */;
}
